
Microsoft Visual Studio Solution File, Format Version 12.00
# Visual Studio 15
VisualStudioVersion = 15.0.27428.2037
MinimumVisualStudioVersion = 10.0.40219.1
Project("{FAE04EC0-301F-11D3-BF4B-00C04F79EFBC}") = "NLog.Azure", "NLog.Azure\NLog.Azure.csproj", "{EB24E9D4-9178-416A-9942-6C10EB8B1C73}"
EndProject
Project("{FAE04EC0-301F-11D3-BF4B-00C04F79EFBC}") = "NLog.Azure.Tests", "NLog.Azure.Tests\NLog.Azure.Tests.csproj", "{96607952-7F34-4256-806D-9A7579044FCF}"
EndProject
Global
	GlobalSection(SolutionConfigurationPlatforms) = preSolution
		Debug|Any CPU = Debug|Any CPU
		Release|Any CPU = Release|Any CPU
	EndGlobalSection
	GlobalSection(ProjectConfigurationPlatforms) = postSolution
		{EB24E9D4-9178-416A-9942-6C10EB8B1C73}.Debug|Any CPU.ActiveCfg = Debug|Any CPU
		{EB24E9D4-9178-416A-9942-6C10EB8B1C73}.Debug|Any CPU.Build.0 = Debug|Any CPU
		{EB24E9D4-9178-416A-9942-6C10EB8B1C73}.Release|Any CPU.ActiveCfg = Release|Any CPU
		{EB24E9D4-9178-416A-9942-6C10EB8B1C73}.Release|Any CPU.Build.0 = Release|Any CPU
		{96607952-7F34-4256-806D-9A7579044FCF}.Debug|Any CPU.ActiveCfg = Debug|Any CPU
		{96607952-7F34-4256-806D-9A7579044FCF}.Debug|Any CPU.Build.0 = Debug|Any CPU
		{96607952-7F34-4256-806D-9A7579044FCF}.Release|Any CPU.ActiveCfg = Release|Any CPU
		{96607952-7F34-4256-806D-9A7579044FCF}.Release|Any CPU.Build.0 = Release|Any CPU
	EndGlobalSection
	GlobalSection(SolutionProperties) = preSolution
		HideSolutionNode = FALSE
	EndGlobalSection
	GlobalSection(ExtensibilityGlobals) = postSolution
		SolutionGuid = {1EE0F714-68FC-4BB2-9A4D-BA555E7B07A0}
	EndGlobalSection
EndGlobal
